
Microsoft Visual Studio Solution File, Format Version 12.00
# Visual Studio Version 17
VisualStudioVersion = 17.8.34408.163
MinimumVisualStudioVersion = 10.0.40219.1
Project("{FAE04EC0-301F-11D3-BF4B-00C04F79EFBC}") = "MuseeAudio", "MuseeAudio.csproj", "{5F517909-B99C-4620-8007-E3FC174AF0B3}"
EndProject
Global
	GlobalSection(SolutionConfigurationPlatforms) = preSolution
		Debug|Any CPU = Debug|Any CPU
		Release|Any CPU = Release|Any CPU
	EndGlobalSection
	GlobalSection(ProjectConfigurationPlatforms) = postSolution
		{5F517909-B99C-4620-8007-E3FC174AF0B3}.Debug|Any CPU.ActiveCfg = Debug|Any CPU
		{5F517909-B99C-4620-8007-E3FC174AF0B3}.Debug|Any CPU.Build.0 = Debug|Any CPU
		{5F517909-B99C-4620-8007-E3FC174AF0B3}.Release|Any CPU.ActiveCfg = Release|Any CPU
		{5F517909-B99C-4620-8007-E3FC174AF0B3}.Release|Any CPU.Build.0 = Release|Any CPU
	EndGlobalSection
	GlobalSection(SolutionProperties) = preSolution
		HideSolutionNode = FALSE
	EndGlobalSection
	GlobalSection(ExtensibilityGlobals) = postSolution
		SolutionGuid = {6D476D63-C994-472D-ADFB-0E64222A91B8}
	EndGlobalSection
EndGlobal
